connectrpc.com/connect v1.19.1 h1:R5M57z05+90EfEvCY1b7hBxDVOUl45PrtXtAV2fOC14=
connectrpc.com/connect v1.19.1/go.mod h1:tN20fjdGlewnSFeZxLKb0xwIZ6ozc3OQs2hTXy4du9w=
github.com/golang-jwt/jwt/v5 v5.3.0 h1:pv4AsKCKKZuqlgs5sUmn4x8UlGa0kEVt/puTpKx9vvo=
github.com/golang-jwt/jwt/v5 v5.3.0/go.mod h1:fxCRLWMO43lRc8nhHWY6LGqRcf+1gQWArsqaEUEa5bE=
github.com/google/go-cmp v0.7.0 h1:wk8382ETsv4JYUZwIsn6YpYiWiBsYLSJiTsyBybVuN8=
github.com/google/go-cmp v0.7.0/go.mod h1:pXiqmnSA92OHEEa9HXL2W4E7lf9JzCmGVUdgjX3N/iU=
golang.org/x/crypto v0.44.0 h1:A97SsFvM3AIwEEmTBiaxPPTYpDC47w720rdiiUvgoAU=
golang.org/x/crypto v0.44.0/go.mod h1:013i+Nw79BMiQiMsOPcVCB5ZIJbYkerPrGnOa00tvmc=
google.golang.org/protobuf v1.36.10 h1:AYd7cD/uASjIL6Q9LiTjz8JLcrh/88q5UObnmY3aOOE=
google.golang.org/protobuf v1.36.10/go.mod h1:HTf+CrKn2C3g5S8VImy6tdcUvCska2kB7j23XfzDpco=
